// !$*UTF8*$!
{
	archiveVersion = 1;
	classes = {
	};
	objectVersion = 50;
	objects = {

/* Begin PBXBuildFile section */
		F21F1CEA2667DC040057F632 /* TouchdownApp.swift in Sources */ = {isa = PBXBuildFile; fileRef = F21F1CE92667DC040057F632 /* TouchdownApp.swift */; };
		F21F1CEC2667DC040057F632 /* ContentView.swift in Sources */ = {isa = PBXBuildFile; fileRef = F21F1CEB2667DC040057F632 /* ContentView.swift */; };
		F21F1CEE2667DC0B0057F632 /* Assets.xcassets in Resources */ = {isa = PBXBuildFile; fileRef = F21F1CED2667DC0B0057F632 /* Assets.xcassets */; };
		F21F1CF12667DC0B0057F632 /* Preview Assets.xcassets in Resources */ = {isa = PBXBuildFile; fileRef = F21F1CF02667DC0B0057F632 /* Preview Assets.xcassets */; };
		F21F1CFD2667DD190057F632 /* product.json in Resources */ = {isa = PBXBuildFile; fileRef = F21F1CF92667DD190057F632 /* product.json */; };
		F21F1CFE2667DD190057F632 /* brand.json in Resources */ = {isa = PBXBuildFile; fileRef = F21F1CFA2667DD190057F632 /* brand.json */; };
		F21F1CFF2667DD190057F632 /* category.json in Resources */ = {isa = PBXBuildFile; fileRef = F21F1CFB2667DD190057F632 /* category.json */; };
		F21F1D002667DD190057F632 /* player.json in Resources */ = {isa = PBXBuildFile; fileRef = F21F1CFC2667DD190057F632 /* player.json */; };
		F21F1D0F2667E1CE0057F632 /* Constant.swift in Sources */ = {isa = PBXBuildFile; fileRef = F21F1D0E2667E1CE0057F632 /* Constant.swift */; };
		F21F1D122667E2AA0057F632 /* FooterView.swift in Sources */ = {isa = PBXBuildFile; fileRef = F21F1D112667E2AA0057F632 /* FooterView.swift */; };
		F274DEB6266EFF3900A4950E /* TitleView.swift in Sources */ = {isa = PBXBuildFile; fileRef = F274DEB5266EFF3900A4950E /* TitleView.swift */; };
		F274DEB9266F00E800A4950E /* ProductModel.swift in Sources */ = {isa = PBXBuildFile; fileRef = F274DEB8266F00E800A4950E /* ProductModel.swift */; };
		F274DEBC266F015700A4950E /* ProductItemView.swift in Sources */ = {isa = PBXBuildFile; fileRef = F274DEBB266F015700A4950E /* ProductItemView.swift */; };
		F289976E267537E4009DA60B /* BrandModel.swift in Sources */ = {isa = PBXBuildFile; fileRef = F289976D267537E4009DA60B /* BrandModel.swift */; };
		F289977126753874009DA60B /* BrandItemView.swift in Sources */ = {isa = PBXBuildFile; fileRef = F289977026753874009DA60B /* BrandItemView.swift */; };
		F289977426753A2E009DA60B /* BrandGridView.swift in Sources */ = {isa = PBXBuildFile; fileRef = F289977326753A2E009DA60B /* BrandGridView.swift */; };
		F28997772675597D009DA60B /* ProductDetailView.swift in Sources */ = {isa = PBXBuildFile; fileRef = F28997762675597D009DA60B /* ProductDetailView.swift */; };
		F289977A26755A88009DA60B /* NavigationBarDetailView.swift in Sources */ = {isa = PBXBuildFile; fileRef = F289977926755A88009DA60B /* NavigationBarDetailView.swift */; };
		F289977D26755BA6009DA60B /* HeaderDetailView.swift in Sources */ = {isa = PBXBuildFile; fileRef = F289977C26755BA6009DA60B /* HeaderDetailView.swift */; };
		F28997812675765C009DA60B /* TopPartDetailView.swift in Sources */ = {isa = PBXBuildFile; fileRef = F28997802675765C009DA60B /* TopPartDetailView.swift */; };
		F289978426757C96009DA60B /* CustomShape.swift in Sources */ = {isa = PBXBuildFile; fileRef = F289978326757C96009DA60B /* CustomShape.swift */; };
		F289978726758487009DA60B /* RatingsSizesDetailView.swift in Sources */ = {isa = PBXBuildFile; fileRef = F289978626758487009DA60B /* RatingsSizesDetailView.swift */; };
		F289978A2675877B009DA60B /* QuantityFavoriteDetailView.swift in Sources */ = {isa = PBXBuildFile; fileRef = F28997892675877B009DA60B /* QuantityFavoriteDetailView.swift */; };
		F289978D2675895D009DA60B /* AddToCartDetailView.swift in Sources */ = {isa = PBXBuildFile; fileRef = F289978C2675895D009DA60B /* AddToCartDetailView.swift */; };
		F289979426758BB9009DA60B /* Shop.swift in Sources */ = {isa = PBXBuildFile; fileRef = F289979326758BB9009DA60B /* Shop.swift */; };
		F2DDAAA7266AC5F4002661F4 /* NavigationBarView.swift in Sources */ = {isa = PBXBuildFile; fileRef = F2DDAAA6266AC5F4002661F4 /* NavigationBarView.swift */; };
		F2DDAAAA266AC84E002661F4 /* LogoView.swift in Sources */ = {isa = PBXBuildFile; fileRef = F2DDAAA9266AC84E002661F4 /* LogoView.swift */; };
		F2DDAAAD266ACC22002661F4 /* PlayerModel.swift in Sources */ = {isa = PBXBuildFile; fileRef = F2DDAAAC266ACC22002661F4 /* PlayerModel.swift */; };
		F2DDAAB0266ACC57002661F4 /* CodableBundleExtension.swift in Sources */ = {isa = PBXBuildFile; fileRef = F2DDAAAF266ACC57002661F4 /* CodableBundleExtension.swift */; };
		F2DDAAB3266AD20A002661F4 /* FeaturedItemView.swift in Sources */ = {isa = PBXBuildFile; fileRef = F2DDAAB2266AD20A002661F4 /* FeaturedItemView.swift */; };
		F2DDAAB6266AD2F8002661F4 /* FeaturedTabView.swift in Sources */ = {isa = PBXBuildFile; fileRef = F2DDAAB5266AD2F8002661F4 /* FeaturedTabView.swift */; };
		F2DDAAB9266AD78D002661F4 /* CategoryModel.swift in Sources */ = {isa = PBXBuildFile; fileRef = F2DDAAB8266AD78D002661F4 /* CategoryModel.swift */; };
		F2DDAABC266AD88C002661F4 /* CategoryItemView.swift in Sources */ = {isa = PBXBuildFile; fileRef = F2DDAABB266AD88C002661F4 /* CategoryItemView.swift */; };
		F2DDAABF266AD9FB002661F4 /* CategoryGridView.swift in Sources */ = {isa = PBXBuildFile; fileRef = F2DDAABE266AD9FB002661F4 /* CategoryGridView.swift */; };
		F2DDAAC2266ADBD6002661F4 /* SectionView.swift in Sources */ = {isa = PBXBuildFile; fileRef = F2DDAAC1266ADBD6002661F4 /* SectionView.swift */; };
/* End PBXBuildFile section */

/* Begin PBXFileReference section */
		F21F1CE62667DC040057F632 /* Touchdown.app */ = {isa = PBXFileReference; explicitFileType = wrapper.application; includeInIndex = 0; path = Touchdown.app; sourceTree = BUILT_PRODUCTS_DIR; };
		F21F1CE92667DC040057F632 /* TouchdownApp.swift */ = {isa = PBXFileReference; lastKnownFileType = sourcecode.swift; path = TouchdownApp.swift; sourceTree = "<group>"; };
		F21F1CEB2667DC040057F632 /* ContentView.swift */ = {isa = PBXFileReference; lastKnownFileType = sourcecode.swift; path = ContentView.swift; sourceTree = "<group>"; };
		F21F1CED2667DC0B0057F632 /* Assets.xcassets */ = {isa = PBXFileReference; lastKnownFileType = folder.assetcatalog; path = Assets.xcassets; sourceTree = "<group>"; };
		F21F1CF02667DC0B0057F632 /* Preview Assets.xcassets */ = {isa = PBXFileReference; lastKnownFileType = folder.assetcatalog; path = "Preview Assets.xcassets"; sourceTree = "<group>"; };
		F21F1CF22667DC0B0057F632 /* Info.plist */ = {isa = PBXFileReference; lastKnownFileType = text.plist.xml; path = Info.plist; sourceTree = "<group>"; };
		F21F1CF92667DD190057F632 /* product.json */ = {isa = PBXFileReference; fileEncoding = 4; lastKnownFileType = text.json; path = product.json; sourceTree = "<group>"; };
		F21F1CFA2667DD190057F632 /* brand.json */ = {isa = PBXFileReference; fileEncoding = 4; lastKnownFileType = text.json; path = brand.json; sourceTree = "<group>"; };
		F21F1CFB2667DD190057F632 /* category.json */ = {isa = PBXFileReference; fileEncoding = 4; lastKnownFileType = text.json; path = category.json; sourceTree = "<group>"; };
		F21F1CFC2667DD190057F632 /* player.json */ = {isa = PBXFileReference; fileEncoding = 4; lastKnownFileType = text.json; path = player.json; sourceTree = "<group>"; };
		F21F1D0E2667E1CE0057F632 /* Constant.swift */ = {isa = PBXFileReference; lastKnownFileType = sourcecode.swift; path = Constant.swift; sourceTree = "<group>"; };
		F21F1D112667E2AA0057F632 /* FooterView.swift */ = {isa = PBXFileReference; lastKnownFileType = sourcecode.swift; path = FooterView.swift; sourceTree = "<group>"; };
		F274DEB5266EFF3900A4950E /* TitleView.swift */ = {isa = PBXFileReference; lastKnownFileType = sourcecode.swift; path = TitleView.swift; sourceTree = "<group>"; };
		F274DEB8266F00E800A4950E /* ProductModel.swift */ = {isa = PBXFileReference; lastKnownFileType = sourcecode.swift; path = ProductModel.swift; sourceTree = "<group>"; };
		F274DEBB266F015700A4950E /* ProductItemView.swift */ = {isa = PBXFileReference; lastKnownFileType = sourcecode.swift; path = ProductItemView.swift; sourceTree = "<group>"; };
		F289976D267537E4009DA60B /* BrandModel.swift */ = {isa = PBXFileReference; lastKnownFileType = sourcecode.swift; path = BrandModel.swift; sourceTree = "<group>"; };
		F289977026753874009DA60B /* BrandItemView.swift */ = {isa = PBXFileReference; lastKnownFileType = sourcecode.swift; path = BrandItemView.swift; sourceTree = "<group>"; };
		F289977326753A2E009DA60B /* BrandGridView.swift */ = {isa = PBXFileReference; lastKnownFileType = sourcecode.swift; path = BrandGridView.swift; sourceTree = "<group>"; };
		F28997762675597D009DA60B /* ProductDetailView.swift */ = {isa = PBXFileReference; lastKnownFileType = sourcecode.swift; path = ProductDetailView.swift; sourceTree = "<group>"; };
		F289977926755A88009DA60B /* NavigationBarDetailView.swift */ = {isa = PBXFileReference; lastKnownFileType = sourcecode.swift; path = NavigationBarDetailView.swift; sourceTree = "<group>"; };
		F289977C26755BA6009DA60B /* HeaderDetailView.swift */ = {isa = PBXFileReference; lastKnownFileType = sourcecode.swift; path = HeaderDetailView.swift; sourceTree = "<group>"; };
		F28997802675765C009DA60B /* TopPartDetailView.swift */ = {isa = PBXFileReference; lastKnownFileType = sourcecode.swift; path = TopPartDetailView.swift; sourceTree = "<group>"; };
		F289978326757C96009DA60B /* CustomShape.swift */ = {isa = PBXFileReference; lastKnownFileType = sourcecode.swift; path = CustomShape.swift; sourceTree = "<group>"; };
		F289978626758487009DA60B /* RatingsSizesDetailView.swift */ = {isa = PBXFileReference; lastKnownFileType = sourcecode.swift; path = RatingsSizesDetailView.swift; sourceTree = "<group>"; };
		F28997892675877B009DA60B /* QuantityFavoriteDetailView.swift */ = {isa = PBXFileReference; lastKnownFileType = sourcecode.swift; path = QuantityFavoriteDetailView.swift; sourceTree = "<group>"; };
		F289978C2675895D009DA60B /* AddToCartDetailView.swift */ = {isa = PBXFileReference; lastKnownFileType = sourcecode.swift; path = AddToCartDetailView.swift; sourceTree = "<group>"; };
		F289979326758BB9009DA60B /* Shop.swift */ = {isa = PBXFileReference; lastKnownFileType = sourcecode.swift; path = Shop.swift; sourceTree = "<group>"; };
		F2DDAAA6266AC5F4002661F4 /* NavigationBarView.swift */ = {isa = PBXFileReference; lastKnownFileType = sourcecode.swift; path = NavigationBarView.swift; sourceTree = "<group>"; };
		F2DDAAA9266AC84E002661F4 /* LogoView.swift */ = {isa = PBXFileReference; lastKnownFileType = sourcecode.swift; path = LogoView.swift; sourceTree = "<group>"; };
		F2DDAAAC266ACC22002661F4 /* PlayerModel.swift */ = {isa = PBXFileReference; lastKnownFileType = sourcecode.swift; path = PlayerModel.swift; sourceTree = "<group>"; };
		F2DDAAAF266ACC57002661F4 /* CodableBundleExtension.swift */ = {isa = PBXFileReference; lastKnownFileType = sourcecode.swift; path = CodableBundleExtension.swift; sourceTree = "<group>"; };
		F2DDAAB2266AD20A002661F4 /* FeaturedItemView.swift */ = {isa = PBXFileReference; lastKnownFileType = sourcecode.swift; path = FeaturedItemView.swift; sourceTree = "<group>"; };
		F2DDAAB5266AD2F8002661F4 /* FeaturedTabView.swift */ = {isa = PBXFileReference; lastKnownFileType = sourcecode.swift; path = FeaturedTabView.swift; sourceTree = "<group>"; };
		F2DDAAB8266AD78D002661F4 /* CategoryModel.swift */ = {isa = PBXFileReference; lastKnownFileType = sourcecode.swift; path = CategoryModel.swift; sourceTree = "<group>"; };
		F2DDAABB266AD88C002661F4 /* CategoryItemView.swift */ = {isa = PBXFileReference; lastKnownFileType = sourcecode.swift; path = CategoryItemView.swift; sourceTree = "<group>"; };
		F2DDAABE266AD9FB002661F4 /* CategoryGridView.swift */ = {isa = PBXFileReference; lastKnownFileType = sourcecode.swift; path = CategoryGridView.swift; sourceTree = "<group>"; };
		F2DDAAC1266ADBD6002661F4 /* SectionView.swift */ = {isa = PBXFileReference; lastKnownFileType = sourcecode.swift; path = SectionView.swift; sourceTree = "<group>"; };
/* End PBXFileReference section */

/* Begin PBXFrameworksBuildPhase section */
		F21F1CE32667DC040057F632 /* Frameworks */ = {
			isa = PBXFrameworksBuildPhase;
			buildActionMask = 2147483647;
			files = (
			);
			runOnlyForDeploymentPostprocessing = 0;
		};
/* End PBXFrameworksBuildPhase section */

/* Begin PBXGroup section */
		F21F1CDD2667DC040057F632 = {
			isa = PBXGroup;
			children = (
				F21F1CE82667DC040057F632 /* Touchdown */,
				F21F1CE72667DC040057F632 /* Products */,
			);
			sourceTree = "<group>";
		};
		F21F1CE72667DC040057F632 /* Products */ = {
			isa = PBXGroup;
			children = (
				F21F1CE62667DC040057F632 /* Touchdown.app */,
			);
			name = Products;
			sourceTree = "<group>";
		};
		F21F1CE82667DC040057F632 /* Touchdown */ = {
			isa = PBXGroup;
			children = (
				F21F1D062667E10E0057F632 /* App */,
				F21F1D082667E1220057F632 /* View */,
				F21F1D022667DD2C0057F632 /* Data */,
				F21F1D0B2667E13C0057F632 /* Model */,
				F21F1D0C2667E1430057F632 /* Extension */,
				F21F1D0D2667E1490057F632 /* Utility */,
				F21F1CED2667DC0B0057F632 /* Assets.xcassets */,
				F21F1CF22667DC0B0057F632 /* Info.plist */,
				F21F1CEF2667DC0B0057F632 /* Preview Content */,
			);
			path = Touchdown;
			sourceTree = "<group>";
		};
		F21F1CEF2667DC0B0057F632 /* Preview Content */ = {
			isa = PBXGroup;
			children = (
				F21F1CF02667DC0B0057F632 /* Preview Assets.xcassets */,
			);
			path = "Preview Content";
			sourceTree = "<group>";
		};
		F21F1D022667DD2C0057F632 /* Data */ = {
			isa = PBXGroup;
			children = (
				F21F1CFA2667DD190057F632 /* brand.json */,
				F21F1CFB2667DD190057F632 /* category.json */,
				F21F1CFC2667DD190057F632 /* player.json */,
				F21F1CF92667DD190057F632 /* product.json */,
			);
			path = Data;
			sourceTree = "<group>";
		};
		F21F1D062667E10E0057F632 /* App */ = {
			isa = PBXGroup;
			children = (
				F21F1CE92667DC040057F632 /* TouchdownApp.swift */,
				F21F1CEB2667DC040057F632 /* ContentView.swift */,
			);
			path = App;
			sourceTree = "<group>";
		};
		F21F1D082667E1220057F632 /* View */ = {
			isa = PBXGroup;
			children = (
				F21F1D092667E1290057F632 /* Home */,
				F21F1D0A2667E1300057F632 /* Detail */,
			);
			path = View;
			sourceTree = "<group>";
		};
		F21F1D092667E1290057F632 /* Home */ = {
			isa = PBXGroup;
			children = (
				F21F1D112667E2AA0057F632 /* FooterView.swift */,
				F2DDAAA6266AC5F4002661F4 /* NavigationBarView.swift */,
				F2DDAAA9266AC84E002661F4 /* LogoView.swift */,
				F2DDAAB2266AD20A002661F4 /* FeaturedItemView.swift */,
				F2DDAAB5266AD2F8002661F4 /* FeaturedTabView.swift */,
				F2DDAABB266AD88C002661F4 /* CategoryItemView.swift */,
				F2DDAABE266AD9FB002661F4 /* CategoryGridView.swift */,
				F2DDAAC1266ADBD6002661F4 /* SectionView.swift */,
				F274DEB5266EFF3900A4950E /* TitleView.swift */,
				F274DEBB266F015700A4950E /* ProductItemView.swift */,
				F289977026753874009DA60B /* BrandItemView.swift */,
				F289977326753A2E009DA60B /* BrandGridView.swift */,
			);
			path = Home;
			sourceTree = "<group>";
		};
		F21F1D0A2667E1300057F632 /* Detail */ = {
			isa = PBXGroup;
			children = (
				F28997762675597D009DA60B /* ProductDetailView.swift */,
				F289977926755A88009DA60B /* NavigationBarDetailView.swift */,
				F289977C26755BA6009DA60B /* HeaderDetailView.swift */,
				F28997802675765C009DA60B /* TopPartDetailView.swift */,
				F289978626758487009DA60B /* RatingsSizesDetailView.swift */,
				F28997892675877B009DA60B /* QuantityFavoriteDetailView.swift */,
				F289978C2675895D009DA60B /* AddToCartDetailView.swift */,
			);
			path = Detail;
			sourceTree = "<group>";
		};
		F21F1D0B2667E13C0057F632 /* Model */ = {
			isa = PBXGroup;
			children = (
				F2DDAAAC266ACC22002661F4 /* PlayerModel.swift */,
				F2DDAAB8266AD78D002661F4 /* CategoryModel.swift */,
				F274DEB8266F00E800A4950E /* ProductModel.swift */,
				F289976D267537E4009DA60B /* BrandModel.swift */,
			);
			path = Model;
			sourceTree = "<group>";
		};
		F21F1D0C2667E1430057F632 /* Extension */ = {
			isa = PBXGroup;
			children = (
				F2DDAAAF266ACC57002661F4 /* CodableBundleExtension.swift */,
			);
			path = Extension;
			sourceTree = "<group>";
		};
		F21F1D0D2667E1490057F632 /* Utility */ = {
			isa = PBXGroup;
			children = (
				F21F1D0E2667E1CE0057F632 /* Constant.swift */,
				F289978326757C96009DA60B /* CustomShape.swift */,
				F289979326758BB9009DA60B /* Shop.swift */,
			);
			path = Utility;
			sourceTree = "<group>";
		};
/* End PBXGroup section */

/* Begin PBXNativeTarget section */
		F21F1CE52667DC040057F632 /* Touchdown */ = {
			isa = PBXNativeTarget;
			buildConfigurationList = F21F1CF52667DC0B0057F632 /* Build configuration list for PBXNativeTarget "Touchdown" */;
			buildPhases = (
				F21F1CE22667DC040057F632 /* Sources */,
				F21F1CE32667DC040057F632 /* Frameworks */,
				F21F1CE42667DC040057F632 /* Resources */,
			);
			buildRules = (
			);
			dependencies = (
			);
			name = Touchdown;
			productName = Touchdown;
			productReference = F21F1CE62667DC040057F632 /* Touchdown.app */;
			productType = "com.apple.product-type.application";
		};
/* End PBXNativeTarget section */

/* Begin PBXProject section */
		F21F1CDE2667DC040057F632 /* Project object */ = {
			isa = PBXProject;
			attributes = {
				LastSwiftUpdateCheck = 1240;
				LastUpgradeCheck = 1240;
				TargetAttributes = {
					F21F1CE52667DC040057F632 = {
						CreatedOnToolsVersion = 12.4;
					};
				};
			};
			buildConfigurationList = F21F1CE12667DC040057F632 /* Build configuration list for PBXProject "Touchdown" */;
			compatibilityVersion = "Xcode 9.3";
			developmentRegion = en;
			hasScannedForEncodings = 0;
			knownRegions = (
				en,
				Base,
			);
			mainGroup = F21F1CDD2667DC040057F632;
			productRefGroup = F21F1CE72667DC040057F632 /* Products */;
			projectDirPath = "";
			projectRoot = "";
			targets = (
				F21F1CE52667DC040057F632 /* Touchdown */,
			);
		};
/* End PBXProject section */

/* Begin PBXResourcesBuildPhase section */
		F21F1CE42667DC040057F632 /* Resources */ = {
			isa = PBXResourcesBuildPhase;
			buildActionMask = 2147483647;
			files = (
				F21F1D002667DD190057F632 /* player.json in Resources */,
				F21F1CF12667DC0B0057F632 /* Preview Assets.xcassets in Resources */,
				F21F1CFE2667DD190057F632 /* brand.json in Resources */,
				F21F1CFF2667DD190057F632 /* category.json in Resources */,
				F21F1CEE2667DC0B0057F632 /* Assets.xcassets in Resources */,
				F21F1CFD2667DD190057F632 /* product.json in Resources */,
			);
			runOnlyForDeploymentPostprocessing = 0;
		};
/* End PBXResourcesBuildPhase section */

/* Begin PBXSourcesBuildPhase section */
		F21F1CE22667DC040057F632 /* Sources */ = {
			isa = PBXSourcesBuildPhase;
			buildActionMask = 2147483647;
			files = (
				F2DDAAB0266ACC57002661F4 /* CodableBundleExtension.swift in Sources */,
				F21F1CEC2667DC040057F632 /* ContentView.swift in Sources */,
				F28997812675765C009DA60B /* TopPartDetailView.swift in Sources */,
				F2DDAAAA266AC84E002661F4 /* LogoView.swift in Sources */,
				F289978A2675877B009DA60B /* QuantityFavoriteDetailView.swift in Sources */,
				F21F1D122667E2AA0057F632 /* FooterView.swift in Sources */,
				F2DDAAB3266AD20A002661F4 /* FeaturedItemView.swift in Sources */,
				F274DEBC266F015700A4950E /* ProductItemView.swift in Sources */,
				F289978D2675895D009DA60B /* AddToCartDetailView.swift in Sources */,
				F289977426753A2E009DA60B /* BrandGridView.swift in Sources */,
				F21F1CEA2667DC040057F632 /* TouchdownApp.swift in Sources */,
				F289978726758487009DA60B /* RatingsSizesDetailView.swift in Sources */,
				F28997772675597D009DA60B /* ProductDetailView.swift in Sources */,
				F289977A26755A88009DA60B /* NavigationBarDetailView.swift in Sources */,
				F21F1D0F2667E1CE0057F632 /* Constant.swift in Sources */,
				F2DDAABF266AD9FB002661F4 /* CategoryGridView.swift in Sources */,
				F2DDAAB9266AD78D002661F4 /* CategoryModel.swift in Sources */,
				F2DDAAA7266AC5F4002661F4 /* NavigationBarView.swift in Sources */,
				F2DDAAC2266ADBD6002661F4 /* SectionView.swift in Sources */,
				F289977126753874009DA60B /* BrandItemView.swift in Sources */,
				F289977D26755BA6009DA60B /* HeaderDetailView.swift in Sources */,
				F2DDAABC266AD88C002661F4 /* CategoryItemView.swift in Sources */,
				F2DDAAB6266AD2F8002661F4 /* FeaturedTabView.swift in Sources */,
				F289978426757C96009DA60B /* CustomShape.swift in Sources */,
				F289979426758BB9009DA60B /* Shop.swift in Sources */,
				F2DDAAAD266ACC22002661F4 /* PlayerModel.swift in Sources */,
				F289976E267537E4009DA60B /* BrandModel.swift in Sources */,
				F274DEB6266EFF3900A4950E /* TitleView.swift in Sources */,
				F274DEB9266F00E800A4950E /* ProductModel.swift in Sources */,
			);
			runOnlyForDeploymentPostprocessing = 0;
		};
/* End PBXSourcesBuildPhase section */

/* Begin XCBuildConfiguration section */
		F21F1CF32667DC0B0057F632 /* Debug */ = {
			isa = XCBuildConfiguration;
			buildSettings = {
				ALWAYS_SEARCH_USER_PATHS = NO;
				CLANG_ANALYZER_NONNULL = YES;
				CLANG_ANALYZER_NUMBER_OBJECT_CONVERSION = YES_AGGRESSIVE;
				CLANG_CXX_LANGUAGE_STANDARD = "gnu++14";
				CLANG_CXX_LIBRARY = "libc++";
				CLANG_ENABLE_MODULES = YES;
				CLANG_ENABLE_OBJC_ARC = YES;
				CLANG_ENABLE_OBJC_WEAK = YES;
				CLANG_WARN_BLOCK_CAPTURE_AUTORELEASING = YES;
				CLANG_WARN_BOOL_CONVERSION = YES;
				CLANG_WARN_COMMA = YES;
				CLANG_WARN_CONSTANT_CONVERSION = YES;
				CLANG_WARN_DEPRECATED_OBJC_IMPLEMENTATIONS = YES;
				CLANG_WARN_DIRECT_OBJC_ISA_USAGE = YES_ERROR;
				CLANG_WARN_DOCUMENTATION_COMMENTS = YES;
				CLANG_WARN_EMPTY_BODY = YES;
				CLANG_WARN_ENUM_CONVERSION = YES;
				CLANG_WARN_INFINITE_RECURSION = YES;
				CLANG_WARN_INT_CONVERSION = YES;
				CLANG_WARN_NON_LITERAL_NULL_CONVERSION = YES;
				CLANG_WARN_OBJC_IMPLICIT_RETAIN_SELF = YES;
				CLANG_WARN_OBJC_LITERAL_CONVERSION = YES;
				CLANG_WARN_OBJC_ROOT_CLASS = YES_ERROR;
				CLANG_WARN_QUOTED_INCLUDE_IN_FRAMEWORK_HEADER = YES;
				CLANG_WARN_RANGE_LOOP_ANALYSIS = YES;
				CLANG_WARN_STRICT_PROTOTYPES = YES;
				CLANG_WARN_SUSPICIOUS_MOVE = YES;
				CLANG_WARN_UNGUARDED_AVAILABILITY = YES_AGGRESSIVE;
				CLANG_WARN_UNREACHABLE_CODE = YES;
				CLANG_WARN__DUPLICATE_METHOD_MATCH = YES;
				COPY_PHASE_STRIP = NO;
				DEBUG_INFORMATION_FORMAT = dwarf;
				ENABLE_STRICT_OBJC_MSGSEND = YES;
				ENABLE_TESTABILITY = YES;
				GCC_C_LANGUAGE_STANDARD = gnu11;
				GCC_DYNAMIC_NO_PIC = NO;
				GCC_NO_COMMON_BLOCKS = YES;
				GCC_OPTIMIZATION_LEVEL = 0;
				GCC_PREPROCESSOR_DEFINITIONS = (
					"DEBUG=1",
					"$(inherited)",
				);
				GCC_WARN_64_TO_32_BIT_CONVERSION = YES;
				GCC_WARN_ABOUT_RETURN_TYPE = YES_ERROR;
				GCC_WARN_UNDECLARED_SELECTOR = YES;
				GCC_WARN_UNINITIALIZED_AUTOS = YES_AGGRESSIVE;
				GCC_WARN_UNUSED_FUNCTION = YES;
				GCC_WARN_UNUSED_VARIABLE = YES;
				IPHONEOS_DEPLOYMENT_TARGET = 14.4;
				MTL_ENABLE_DEBUG_INFO = INCLUDE_SOURCE;
				MTL_FAST_MATH = YES;
				ONLY_ACTIVE_ARCH = YES;
				SDKROOT = iphoneos;
				SWIFT_ACTIVE_COMPILATION_CONDITIONS = DEBUG;
				SWIFT_OPTIMIZATION_LEVEL = "-Onone";
			};
			name = Debug;
		};
		F21F1CF42667DC0B0057F632 /* Release */ = {
			isa = XCBuildConfiguration;
			buildSettings = {
				ALWAYS_SEARCH_USER_PATHS = NO;
				CLANG_ANALYZER_NONNULL = YES;
				CLANG_ANALYZER_NUMBER_OBJECT_CONVERSION = YES_AGGRESSIVE;
				CLANG_CXX_LANGUAGE_STANDARD = "gnu++14";
				CLANG_CXX_LIBRARY = "libc++";
				CLANG_ENABLE_MODULES = YES;
				CLANG_ENABLE_OBJC_ARC = YES;
				CLANG_ENABLE_OBJC_WEAK = YES;
				CLANG_WARN_BLOCK_CAPTURE_AUTORELEASING = YES;
				CLANG_WARN_BOOL_CONVERSION = YES;
				CLANG_WARN_COMMA = YES;
				CLANG_WARN_CONSTANT_CONVERSION = YES;
				CLANG_WARN_DEPRECATED_OBJC_IMPLEMENTATIONS = YES;
				CLANG_WARN_DIRECT_OBJC_ISA_USAGE = YES_ERROR;
				CLANG_WARN_DOCUMENTATION_COMMENTS = YES;
				CLANG_WARN_EMPTY_BODY = YES;
				CLANG_WARN_ENUM_CONVERSION = YES;
				CLANG_WARN_INFINITE_RECURSION = YES;
				CLANG_WARN_INT_CONVERSION = YES;
				CLANG_WARN_NON_LITERAL_NULL_CONVERSION = YES;
				CLANG_WARN_OBJC_IMPLICIT_RETAIN_SELF = YES;
				CLANG_WARN_OBJC_LITERAL_CONVERSION = YES;
				CLANG_WARN_OBJC_ROOT_CLASS = YES_ERROR;
				CLANG_WARN_QUOTED_INCLUDE_IN_FRAMEWORK_HEADER = YES;
				CLANG_WARN_RANGE_LOOP_ANALYSIS = YES;
				CLANG_WARN_STRICT_PROTOTYPES = YES;
				CLANG_WARN_SUSPICIOUS_MOVE = YES;
				CLANG_WARN_UNGUARDED_AVAILABILITY = YES_AGGRESSIVE;
				CLANG_WARN_UNREACHABLE_CODE = YES;
				CLANG_WARN__DUPLICATE_METHOD_MATCH = YES;
				COPY_PHASE_STRIP = NO;
				DEBUG_INFORMATION_FORMAT = "dwarf-with-dsym";
				ENABLE_NS_ASSERTIONS = NO;
				ENABLE_STRICT_OBJC_MSGSEND = YES;
				GCC_C_LANGUAGE_STANDARD = gnu11;
				GCC_NO_COMMON_BLOCKS = YES;
				GCC_WARN_64_TO_32_BIT_CONVERSION = YES;
				GCC_WARN_ABOUT_RETURN_TYPE = YES_ERROR;
				GCC_WARN_UNDECLARED_SELECTOR = YES;
				GCC_WARN_UNINITIALIZED_AUTOS = YES_AGGRESSIVE;
				GCC_WARN_UNUSED_FUNCTION = YES;
				GCC_WARN_UNUSED_VARIABLE = YES;
				IPHONEOS_DEPLOYMENT_TARGET = 14.4;
				MTL_ENABLE_DEBUG_INFO = NO;
				MTL_FAST_MATH = YES;
				SDKROOT = iphoneos;
				SWIFT_COMPILATION_MODE = wholemodule;
				SWIFT_OPTIMIZATION_LEVEL = "-O";
				VALIDATE_PRODUCT = YES;
			};
			name = Release;
		};
		F21F1CF62667DC0B0057F632 /* Debug */ = {
			isa = XCBuildConfiguration;
			buildSettings = {
				ASSETCATALOG_COMPILER_APPICON_NAME = AppIcon;
				ASSETCATALOG_COMPILER_GLOBAL_ACCENT_COLOR_NAME = AccentColor;
				CODE_SIGN_STYLE = Automatic;
				DEVELOPMENT_ASSET_PATHS = "\"Touchdown/Preview Content\"";
				DEVELOPMENT_TEAM = 7XHFQ957JQ;
				ENABLE_PREVIEWS = YES;
				INFOPLIST_FILE = Touchdown/Info.plist;
				IPHONEOS_DEPLOYMENT_TARGET = 14.0;
				LD_RUNPATH_SEARCH_PATHS = (
					"$(inherited)",
					"@executable_path/Frameworks",
				);
				PRODUCT_BUNDLE_IDENTIFIER = com.eriksalascode.Touchdown;
				PRODUCT_NAME = "$(TARGET_NAME)";
				SWIFT_VERSION = 5.0;
				TARGETED_DEVICE_FAMILY = "1,2";
			};
			name = Debug;
		};
		F21F1CF72667DC0B0057F632 /* Release */ = {
			isa = XCBuildConfiguration;
			buildSettings = {
				ASSETCATALOG_COMPILER_APPICON_NAME = AppIcon;
				ASSETCATALOG_COMPILER_GLOBAL_ACCENT_COLOR_NAME = AccentColor;
				CODE_SIGN_STYLE = Automatic;
				DEVELOPMENT_ASSET_PATHS = "\"Touchdown/Preview Content\"";
				DEVELOPMENT_TEAM = 7XHFQ957JQ;
				ENABLE_PREVIEWS = YES;
				INFOPLIST_FILE = Touchdown/Info.plist;
				IPHONEOS_DEPLOYMENT_TARGET = 14.0;
				LD_RUNPATH_SEARCH_PATHS = (
					"$(inherited)",
					"@executable_path/Frameworks",
				);
				PRODUCT_BUNDLE_IDENTIFIER = com.eriksalascode.Touchdown;
				PRODUCT_NAME = "$(TARGET_NAME)";
				SWIFT_VERSION = 5.0;
				TARGETED_DEVICE_FAMILY = "1,2";
			};
			name = Release;
		};
/* End XCBuildConfiguration section */

/* Begin XCConfigurationList section */
		F21F1CE12667DC040057F632 /* Build configuration list for PBXProject "Touchdown" */ = {
			isa = XCConfigurationList;
			buildConfigurations = (
				F21F1CF32667DC0B0057F632 /* Debug */,
				F21F1CF42667DC0B0057F632 /* Release */,
			);
			defaultConfigurationIsVisible = 0;
			defaultConfigurationName = Release;
		};
		F21F1CF52667DC0B0057F632 /* Build configuration list for PBXNativeTarget "Touchdown" */ = {
			isa = XCConfigurationList;
			buildConfigurations = (
				F21F1CF62667DC0B0057F632 /* Debug */,
				F21F1CF72667DC0B0057F632 /* Release */,
			);
			defaultConfigurationIsVisible = 0;
			defaultConfigurationName = Release;
		};
/* End XCConfigurationList section */
	};
	rootObject = F21F1CDE2667DC040057F632 /* Project object */;
}
